// !$*UTF8*$!
{
	archiveVersion = 1;
	classes = {
	};
	objectVersion = 46;
	objects = {

/* Begin PBXBuildFile section */
		B62D63081E695DAC003EE7ED /* main.m in Sources */ = {isa = PBXBuildFile; fileRef = B62D63071E695DAC003EE7ED /* main.m */; };
		B62D630B1E695DAC003EE7ED /* AppDelegate.m in Sources */ = {isa = PBXBuildFile; fileRef = B62D630A1E695DAC003EE7ED /* AppDelegate.m */; };
		B62D630E1E695DAC003EE7ED /* ViewController.m in Sources */ = {isa = PBXBuildFile; fileRef = B62D630D1E695DAC003EE7ED /* ViewController.m */; };
		B62D63111E695DAC003EE7ED /* Main.storyboard in Resources */ = {isa = PBXBuildFile; fileRef = B62D630F1E695DAC003EE7ED /* Main.storyboard */; };
		B62D63131E695DAC003EE7ED /* Assets.xcassets in Resources */ = {isa = PBXBuildFile; fileRef = B62D63121E695DAC003EE7ED /* Assets.xcassets */; };
		B62D63161E695DAC003EE7ED /* LaunchScreen.storyboard in Resources */ = {isa = PBXBuildFile; fileRef = B62D63141E695DAC003EE7ED /* LaunchScreen.storyboard */; };
		B62D63231E6D0185003EE7ED /* WZShowViewController.m in Sources */ = {isa = PBXBuildFile; fileRef = B62D63221E6D0185003EE7ED /* WZShowViewController.m */; };
		B62D63271E6D021D003EE7ED /* WZModel.m in Sources */ = {isa = PBXBuildFile; fileRef = B62D63261E6D021D003EE7ED /* WZModel.m */; };
		B62D632A1E6D0244003EE7ED /* WZView.m in Sources */ = {isa = PBXBuildFile; fileRef = B62D63291E6D0244003EE7ED /* WZView.m */; };
		B62D632D1E6D0263003EE7ED /* WZViewModel.m in Sources */ = {isa = PBXBuildFile; fileRef = B62D632C1E6D0263003EE7ED /* WZViewModel.m */; };
/* End PBXBuildFile section */

/* Begin PBXFileReference section */
		B62D63031E695DAC003EE7ED /* WZFormView.app */ = {isa = PBXFileReference; explicitFileType = wrapper.application; includeInIndex = 0; path = WZFormView.app; sourceTree = BUILT_PRODUCTS_DIR; };
		B62D63071E695DAC003EE7ED /* main.m */ = {isa = PBXFileReference; lastKnownFileType = sourcecode.c.objc; path = main.m; sourceTree = "<group>"; };
		B62D63091E695DAC003EE7ED /* AppDelegate.h */ = {isa = PBXFileReference; lastKnownFileType = sourcecode.c.h; path = AppDelegate.h; sourceTree = "<group>"; };
		B62D630A1E695DAC003EE7ED /* AppDelegate.m */ = {isa = PBXFileReference; lastKnownFileType = sourcecode.c.objc; path = AppDelegate.m; sourceTree = "<group>"; };
		B62D630C1E695DAC003EE7ED /* ViewController.h */ = {isa = PBXFileReference; lastKnownFileType = sourcecode.c.h; path = ViewController.h; sourceTree = "<group>"; };
		B62D630D1E695DAC003EE7ED /* ViewController.m */ = {isa = PBXFileReference; lastKnownFileType = sourcecode.c.objc; path = ViewController.m; sourceTree = "<group>"; };
		B62D63101E695DAC003EE7ED /* Base */ = {isa = PBXFileReference; lastKnownFileType = file.storyboard; name = Base; path = Base.lproj/Main.storyboard; sourceTree = "<group>"; };
		B62D63121E695DAC003EE7ED /* Assets.xcassets */ = {isa = PBXFileReference; lastKnownFileType = folder.assetcatalog; path = Assets.xcassets; sourceTree = "<group>"; };
		B62D63151E695DAC003EE7ED /* Base */ = {isa = PBXFileReference; lastKnownFileType = file.storyboard; name = Base; path = Base.lproj/LaunchScreen.storyboard; sourceTree = "<group>"; };
		B62D63171E695DAC003EE7ED /* Info.plist */ = {isa = PBXFileReference; lastKnownFileType = text.plist.xml; path = Info.plist; sourceTree = "<group>"; };
		B62D631D1E69638B003EE7ED /* PrefixHeader.pch */ = {isa = PBXFileReference; fileEncoding = 4; lastKnownFileType = sourcecode.c.h; path = PrefixHeader.pch; sourceTree = "<group>"; };
		B62D631E1E69655C003EE7ED /* define.h */ = {isa = PBXFileReference; fileEncoding = 4; lastKnownFileType = sourcecode.c.h; path = define.h; sourceTree = "<group>"; };
		B62D63211E6D0185003EE7ED /* WZShowViewController.h */ = {isa = PBXFileReference; fileEncoding = 4; lastKnownFileType = sourcecode.c.h; path = WZShowViewController.h; sourceTree = "<group>"; };
		B62D63221E6D0185003EE7ED /* WZShowViewController.m */ = {isa = PBXFileReference; fileEncoding = 4; lastKnownFileType = sourcecode.c.objc; path = WZShowViewController.m; sourceTree = "<group>"; };
		B62D63251E6D021D003EE7ED /* WZModel.h */ = {isa = PBXFileReference; fileEncoding = 4; lastKnownFileType = sourcecode.c.h; path = WZModel.h; sourceTree = "<group>"; };
		B62D63261E6D021D003EE7ED /* WZModel.m */ = {isa = PBXFileReference; fileEncoding = 4; lastKnownFileType = sourcecode.c.objc; path = WZModel.m; sourceTree = "<group>"; };
		B62D63281E6D0244003EE7ED /* WZView.h */ = {isa = PBXFileReference; fileEncoding = 4; lastKnownFileType = sourcecode.c.h; path = WZView.h; sourceTree = "<group>"; };
		B62D63291E6D0244003EE7ED /* WZView.m */ = {isa = PBXFileReference; fileEncoding = 4; lastKnownFileType = sourcecode.c.objc; path = WZView.m; sourceTree = "<group>"; };
		B62D632B1E6D0263003EE7ED /* WZViewModel.h */ = {isa = PBXFileReference; fileEncoding = 4; lastKnownFileType = sourcecode.c.h; path = WZViewModel.h; sourceTree = "<group>"; };
		B62D632C1E6D0263003EE7ED /* WZViewModel.m */ = {isa = PBXFileReference; fileEncoding = 4; lastKnownFileType = sourcecode.c.objc; path = WZViewModel.m; sourceTree = "<group>"; };
/* End PBXFileReference section */

/* Begin PBXFrameworksBuildPhase section */
		B62D63001E695DAC003EE7ED /* Frameworks */ = {
			isa = PBXFrameworksBuildPhase;
			buildActionMask = 2147483647;
			files = (
			);
			runOnlyForDeploymentPostprocessing = 0;
		};
/* End PBXFrameworksBuildPhase section */

/* Begin PBXGroup section */
		B62D62FA1E695DAC003EE7ED = {
			isa = PBXGroup;
			children = (
				B62D63051E695DAC003EE7ED /* WZFormView */,
				B62D63041E695DAC003EE7ED /* Products */,
			);
			sourceTree = "<group>";
		};
		B62D63041E695DAC003EE7ED /* Products */ = {
			isa = PBXGroup;
			children = (
				B62D63031E695DAC003EE7ED /* WZFormView.app */,
			);
			name = Products;
			sourceTree = "<group>";
		};
		B62D63051E695DAC003EE7ED /* WZFormView */ = {
			isa = PBXGroup;
			children = (
				B62D63091E695DAC003EE7ED /* AppDelegate.h */,
				B62D630A1E695DAC003EE7ED /* AppDelegate.m */,
				B62D630C1E695DAC003EE7ED /* ViewController.h */,
				B62D630D1E695DAC003EE7ED /* ViewController.m */,
				B62D63211E6D0185003EE7ED /* WZShowViewController.h */,
				B62D63221E6D0185003EE7ED /* WZShowViewController.m */,
				B62D63241E6D01F7003EE7ED /* WZFormViewCore */,
				B62D630F1E695DAC003EE7ED /* Main.storyboard */,
				B62D63121E695DAC003EE7ED /* Assets.xcassets */,
				B62D63141E695DAC003EE7ED /* LaunchScreen.storyboard */,
				B62D63171E695DAC003EE7ED /* Info.plist */,
				B62D63061E695DAC003EE7ED /* Supporting Files */,
			);
			path = WZFormView;
			sourceTree = "<group>";
		};
		B62D63061E695DAC003EE7ED /* Supporting Files */ = {
			isa = PBXGroup;
			children = (
				B62D631E1E69655C003EE7ED /* define.h */,
				B62D63071E695DAC003EE7ED /* main.m */,
				B62D631D1E69638B003EE7ED /* PrefixHeader.pch */,
			);
			name = "Supporting Files";
			sourceTree = "<group>";
		};
		B62D63241E6D01F7003EE7ED /* WZFormViewCore */ = {
			isa = PBXGroup;
			children = (
				B62D63251E6D021D003EE7ED /* WZModel.h */,
				B62D63261E6D021D003EE7ED /* WZModel.m */,
				B62D63281E6D0244003EE7ED /* WZView.h */,
				B62D63291E6D0244003EE7ED /* WZView.m */,
				B62D632B1E6D0263003EE7ED /* WZViewModel.h */,
				B62D632C1E6D0263003EE7ED /* WZViewModel.m */,
			);
			path = WZFormViewCore;
			sourceTree = "<group>";
		};
/* End PBXGroup section */

/* Begin PBXNativeTarget section */
		B62D63021E695DAC003EE7ED /* WZFormView */ = {
			isa = PBXNativeTarget;
			buildConfigurationList = B62D631A1E695DAC003EE7ED /* Build configuration list for PBXNativeTarget "WZFormView" */;
			buildPhases = (
				B62D62FF1E695DAC003EE7ED /* Sources */,
				B62D63001E695DAC003EE7ED /* Frameworks */,
				B62D63011E695DAC003EE7ED /* Resources */,
			);
			buildRules = (
			);
			dependencies = (
			);
			name = WZFormView;
			productName = WZFormView;
			productReference = B62D63031E695DAC003EE7ED /* WZFormView.app */;
			productType = "com.apple.product-type.application";
		};
/* End PBXNativeTarget section */

/* Begin PBXProject section */
		B62D62FB1E695DAC003EE7ED /* Project object */ = {
			isa = PBXProject;
			attributes = {
				LastUpgradeCheck = 0800;
				ORGANIZATIONNAME = weizhenwei;
				TargetAttributes = {
					B62D63021E695DAC003EE7ED = {
						CreatedOnToolsVersion = 8.0;
						ProvisioningStyle = Automatic;
					};
				};
			};
			buildConfigurationList = B62D62FE1E695DAC003EE7ED /* Build configuration list for PBXProject "WZFormView" */;
			compatibilityVersion = "Xcode 3.2";
			developmentRegion = English;
			hasScannedForEncodings = 0;
			knownRegions = (
				en,
				Base,
			);
			mainGroup = B62D62FA1E695DAC003EE7ED;
			productRefGroup = B62D63041E695DAC003EE7ED /* Products */;
			projectDirPath = "";
			projectRoot = "";
			targets = (
				B62D63021E695DAC003EE7ED /* WZFormView */,
			);
		};
/* End PBXProject section */

/* Begin PBXResourcesBuildPhase section */
		B62D63011E695DAC003EE7ED /* Resources */ = {
			isa = PBXResourcesBuildPhase;
			buildActionMask = 2147483647;
			files = (
				B62D63161E695DAC003EE7ED /* LaunchScreen.storyboard in Resources */,
				B62D63131E695DAC003EE7ED /* Assets.xcassets in Resources */,
				B62D63111E695DAC003EE7ED /* Main.storyboard in Resources */,
			);
			runOnlyForDeploymentPostprocessing = 0;
		};
/* End PBXResourcesBuildPhase section */

/* Begin PBXSourcesBuildPhase section */
		B62D62FF1E695DAC003EE7ED /* Sources */ = {
			isa = PBXSourcesBuildPhase;
			buildActionMask = 2147483647;
			files = (
				B62D63271E6D021D003EE7ED /* WZModel.m in Sources */,
				B62D630E1E695DAC003EE7ED /* ViewController.m in Sources */,
				B62D630B1E695DAC003EE7ED /* AppDelegate.m in Sources */,
				B62D63231E6D0185003EE7ED /* WZShowViewController.m in Sources */,
				B62D63081E695DAC003EE7ED /* main.m in Sources */,
				B62D632D1E6D0263003EE7ED /* WZViewModel.m in Sources */,
				B62D632A1E6D0244003EE7ED /* WZView.m in Sources */,
			);
			runOnlyForDeploymentPostprocessing = 0;
		};
/* End PBXSourcesBuildPhase section */

/* Begin PBXVariantGroup section */
		B62D630F1E695DAC003EE7ED /* Main.storyboard */ = {
			isa = PBXVariantGroup;
			children = (
				B62D63101E695DAC003EE7ED /* Base */,
			);
			name = Main.storyboard;
			sourceTree = "<group>";
		};
		B62D63141E695DAC003EE7ED /* LaunchScreen.storyboard */ = {
			isa = PBXVariantGroup;
			children = (
				B62D63151E695DAC003EE7ED /* Base */,
			);
			name = LaunchScreen.storyboard;
			sourceTree = "<group>";
		};
/* End PBXVariantGroup section */

/* Begin XCBuildConfiguration section */
		B62D63181E695DAC003EE7ED /* Debug */ = {
			isa = XCBuildConfiguration;
			buildSettings = {
				ALWAYS_SEARCH_USER_PATHS = NO;
				CLANG_ANALYZER_NONNULL = YES;
				CLANG_CXX_LANGUAGE_STANDARD = "gnu++0x";
				CLANG_CXX_LIBRARY = "libc++";
				CLANG_ENABLE_MODULES = YES;
				CLANG_ENABLE_OBJC_ARC = YES;
				CLANG_WARN_BOOL_CONVERSION = YES;
				CLANG_WARN_CONSTANT_CONVERSION = YES;
				CLANG_WARN_DIRECT_OBJC_ISA_USAGE = YES_ERROR;
				CLANG_WARN_DOCUMENTATION_COMMENTS = YES;
				CLANG_WARN_EMPTY_BODY = YES;
				CLANG_WARN_ENUM_CONVERSION = YES;
				CLANG_WARN_INFINITE_RECURSION = YES;
				CLANG_WARN_INT_CONVERSION = YES;
				CLANG_WARN_OBJC_ROOT_CLASS = YES_ERROR;
				CLANG_WARN_SUSPICIOUS_MOVES = YES;
				CLANG_WARN_UNREACHABLE_CODE = YES;
				CLANG_WARN__DUPLICATE_METHOD_MATCH = YES;
				"CODE_SIGN_IDENTITY[sdk=iphoneos*]" = "iPhone Developer";
				COPY_PHASE_STRIP = NO;
				DEBUG_INFORMATION_FORMAT = dwarf;
				ENABLE_STRICT_OBJC_MSGSEND = YES;
				ENABLE_TESTABILITY = YES;
				GCC_C_LANGUAGE_STANDARD = gnu99;
				GCC_DYNAMIC_NO_PIC = NO;
				GCC_NO_COMMON_BLOCKS = YES;
				GCC_OPTIMIZATION_LEVEL = 0;
				GCC_PRECOMPILE_PREFIX_HEADER = YES;
				GCC_PREFIX_HEADER = WZFormView/PrefixHeader.pch;
				GCC_PREPROCESSOR_DEFINITIONS = (
					"DEBUG=1",
					"$(inherited)",
				);
				GCC_WARN_64_TO_32_BIT_CONVERSION = YES;
				GCC_WARN_ABOUT_RETURN_TYPE = YES_ERROR;
				GCC_WARN_UNDECLARED_SELECTOR = YES;
				GCC_WARN_UNINITIALIZED_AUTOS = YES_AGGRESSIVE;
				GCC_WARN_UNUSED_FUNCTION = YES;
				GCC_WARN_UNUSED_VARIABLE = YES;
				IPHONEOS_DEPLOYMENT_TARGET = 10.0;
				MTL_ENABLE_DEBUG_INFO = YES;
				ONLY_ACTIVE_ARCH = YES;
				SDKROOT = iphoneos;
			};
			name = Debug;
		};
		B62D63191E695DAC003EE7ED /* Release */ = {
			isa = XCBuildConfiguration;
			buildSettings = {
				ALWAYS_SEARCH_USER_PATHS = NO;
				CLANG_ANALYZER_NONNULL = YES;
				CLANG_CXX_LANGUAGE_STANDARD = "gnu++0x";
				CLANG_CXX_LIBRARY = "libc++";
				CLANG_ENABLE_MODULES = YES;
				CLANG_ENABLE_OBJC_ARC = YES;
				CLANG_WARN_BOOL_CONVERSION = YES;
				CLANG_WARN_CONSTANT_CONVERSION = YES;
				CLANG_WARN_DIRECT_OBJC_ISA_USAGE = YES_ERROR;
				CLANG_WARN_DOCUMENTATION_COMMENTS = YES;
				CLANG_WARN_EMPTY_BODY = YES;
				CLANG_WARN_ENUM_CONVERSION = YES;
				CLANG_WARN_INFINITE_RECURSION = YES;
				CLANG_WARN_INT_CONVERSION = YES;
				CLANG_WARN_OBJC_ROOT_CLASS = YES_ERROR;
				CLANG_WARN_SUSPICIOUS_MOVES = YES;
				CLANG_WARN_UNREACHABLE_CODE = YES;
				CLANG_WARN__DUPLICATE_METHOD_MATCH = YES;
				"CODE_SIGN_IDENTITY[sdk=iphoneos*]" = "iPhone Developer";
				COPY_PHASE_STRIP = NO;
				DEBUG_INFORMATION_FORMAT = "dwarf-with-dsym";
				ENABLE_NS_ASSERTIONS = NO;
				ENABLE_STRICT_OBJC_MSGSEND = YES;
				GCC_C_LANGUAGE_STANDARD = gnu99;
				GCC_NO_COMMON_BLOCKS = YES;
				GCC_PRECOMPILE_PREFIX_HEADER = YES;
				GCC_PREFIX_HEADER = WZFormView/PrefixHeader.pch;
				GCC_WARN_64_TO_32_BIT_CONVERSION = YES;
				GCC_WARN_ABOUT_RETURN_TYPE = YES_ERROR;
				GCC_WARN_UNDECLARED_SELECTOR = YES;
				GCC_WARN_UNINITIALIZED_AUTOS = YES_AGGRESSIVE;
				GCC_WARN_UNUSED_FUNCTION = YES;
				GCC_WARN_UNUSED_VARIABLE = YES;
				IPHONEOS_DEPLOYMENT_TARGET = 10.0;
				MTL_ENABLE_DEBUG_INFO = NO;
				SDKROOT = iphoneos;
				VALIDATE_PRODUCT = YES;
			};
			name = Release;
		};
		B62D631B1E695DAC003EE7ED /* Debug */ = {
			isa = XCBuildConfiguration;
			buildSettings = {
				ASSETCATALOG_COMPILER_APPICON_NAME = AppIcon;
				INFOPLIST_FILE = WZFormView/Info.plist;
				IPHONEOS_DEPLOYMENT_TARGET = 8.0;
				LD_RUNPATH_SEARCH_PATHS = "$(inherited) @executable_path/Frameworks";
				PRODUCT_BUNDLE_IDENTIFIER = com.caissa.WZFormView;
				PRODUCT_NAME = "$(TARGET_NAME)";
			};
			name = Debug;
		};
		B62D631C1E695DAC003EE7ED /* Release */ = {
			isa = XCBuildConfiguration;
			buildSettings = {
				ASSETCATALOG_COMPILER_APPICON_NAME = AppIcon;
				INFOPLIST_FILE = WZFormView/Info.plist;
				IPHONEOS_DEPLOYMENT_TARGET = 8.0;
				LD_RUNPATH_SEARCH_PATHS = "$(inherited) @executable_path/Frameworks";
				PRODUCT_BUNDLE_IDENTIFIER = com.caissa.WZFormView;
				PRODUCT_NAME = "$(TARGET_NAME)";
			};
			name = Release;
		};
/* End XCBuildConfiguration section */

/* Begin XCConfigurationList section */
		B62D62FE1E695DAC003EE7ED /* Build configuration list for PBXProject "WZFormView" */ = {
			isa = XCConfigurationList;
			buildConfigurations = (
				B62D63181E695DAC003EE7ED /* Debug */,
				B62D63191E695DAC003EE7ED /* Release */,
			);
			defaultConfigurationIsVisible = 0;
			defaultConfigurationName = Release;
		};
		B62D631A1E695DAC003EE7ED /* Build configuration list for PBXNativeTarget "WZFormView" */ = {
			isa = XCConfigurationList;
			buildConfigurations = (
				B62D631B1E695DAC003EE7ED /* Debug */,
				B62D631C1E695DAC003EE7ED /* Release */,
			);
			defaultConfigurationIsVisible = 0;
		};
/* End XCConfigurationList section */
	};
	rootObject = B62D62FB1E695DAC003EE7ED /* Project object */;
}
